# THIS IS AN AUTOGENERATED FILE. DO NOT EDIT THIS FILE DIRECTLY.
# yarn lockfile v1


mini-redux-tool@^1.0.0:
  version "1.0.0"
  resolved "https://registry.yarnpkg.com/mini-redux-tool/-/mini-redux-tool-1.0.0.tgz#140e1483014d79052bd103a7c371dc1066fbd25f"
  integrity sha512-vv/akrClY0zYvIZRZez3AwSa3rnl2gu5eI/MiF/nWJMSY0qRsc2HErPDU1y9Qs4wGSIKCRN8VGMqjIFs/pOmqQ==
